
Microsoft Visual Studio Solution File, Format Version 12.00
# Visual Studio 15
VisualStudioVersion = 15.0.28307.1705
MinimumVisualStudioVersion = 10.0.40219.1
Project("{8BC9CEB8-8B4A-11D0-8D11-00A0C91BC942}") = "huitu", "huitu\huitu.vcxproj", "{2A891E31-E9B5-405C-BC05-D43771C74D22}"
EndProject
Global
	GlobalSection(SolutionConfigurationPlatforms) = preSolution
		Debug|x64 = Debug|x64
		Debug|x86 = Debug|x86
		Release|x64 = Release|x64
		Release|x86 = Release|x86
	EndGlobalSection
	GlobalSection(ProjectConfigurationPlatforms) = postSolution
		{2A891E31-E9B5-405C-BC05-D43771C74D22}.Debug|x64.ActiveCfg = Debug|x64
		{2A891E31-E9B5-405C-BC05-D43771C74D22}.Debug|x64.Build.0 = Debug|x64
		{2A891E31-E9B5-405C-BC05-D43771C74D22}.Debug|x86.ActiveCfg = Debug|Win32
		{2A891E31-E9B5-405C-BC05-D43771C74D22}.Debug|x86.Build.0 = Debug|Win32
		{2A891E31-E9B5-405C-BC05-D43771C74D22}.Release|x64.ActiveCfg = Release|x64
		{2A891E31-E9B5-405C-BC05-D43771C74D22}.Release|x64.Build.0 = Release|x64
		{2A891E31-E9B5-405C-BC05-D43771C74D22}.Release|x86.ActiveCfg = Release|Win32
		{2A891E31-E9B5-405C-BC05-D43771C74D22}.Release|x86.Build.0 = Release|Win32
	EndGlobalSection
	GlobalSection(SolutionProperties) = preSolution
		HideSolutionNode = FALSE
	EndGlobalSection
	GlobalSection(ExtensibilityGlobals) = postSolution
		SolutionGuid = {5730585E-E502-4D51-8BE4-6E049968F2A8}
	EndGlobalSection
EndGlobal
